
Microsoft Visual Studio Solution File, Format Version 12.00
# Visual Studio Version 16
VisualStudioVersion = 16.0.30717.126
MinimumVisualStudioVersion = 10.0.40219.1
Project("{9A19103F-16F7-4668-BE54-9A1E7A4F7556}") = "CCDPlanetHelper", "CCDPlanetHelper\CCDPlanetHelper.csproj", "{10E3A210-DE85-46F4-80F3-B0855021AB72}"
EndProject
Project("{9A19103F-16F7-4668-BE54-9A1E7A4F7556}") = "Fooxboy.NucleusBot", "..\..\Fooxboy.NucleusBot\Fooxboy.NucleusBot\Fooxboy.NucleusBot.csproj", "{D9184934-829D-4B01-AF6B-C01E354F5A52}"
EndProject
Global
	GlobalSection(SolutionConfigurationPlatforms) = preSolution
		Debug|Any CPU = Debug|Any CPU
		Release|Any CPU = Release|Any CPU
	EndGlobalSection
	GlobalSection(ProjectConfigurationPlatforms) = postSolution
		{10E3A210-DE85-46F4-80F3-B0855021AB72}.Debug|Any CPU.ActiveCfg = Debug|Any CPU
		{10E3A210-DE85-46F4-80F3-B0855021AB72}.Debug|Any CPU.Build.0 = Debug|Any CPU
		{10E3A210-DE85-46F4-80F3-B0855021AB72}.Release|Any CPU.ActiveCfg = Release|Any CPU
		{10E3A210-DE85-46F4-80F3-B0855021AB72}.Release|Any CPU.Build.0 = Release|Any CPU
		{D9184934-829D-4B01-AF6B-C01E354F5A52}.Debug|Any CPU.ActiveCfg = Debug|Any CPU
		{D9184934-829D-4B01-AF6B-C01E354F5A52}.Debug|Any CPU.Build.0 = Debug|Any CPU
		{D9184934-829D-4B01-AF6B-C01E354F5A52}.Release|Any CPU.ActiveCfg = Release|Any CPU
		{D9184934-829D-4B01-AF6B-C01E354F5A52}.Release|Any CPU.Build.0 = Release|Any CPU
	EndGlobalSection
	GlobalSection(SolutionProperties) = preSolution
		HideSolutionNode = FALSE
	EndGlobalSection
	GlobalSection(ExtensibilityGlobals) = postSolution
		SolutionGuid = {1AD1EFCB-67E5-44AC-BB64-70DB29E794F6}
	EndGlobalSection
EndGlobal
